// !$*UTF8*$!
{
	archiveVersion = 1;
	classes = {
	};
	objectVersion = 50;
	objects = {

/* Begin PBXBuildFile section */
		10682210223DFEAE000FA904 /* Quotes.swift in Sources */ = {isa = PBXBuildFile; fileRef = 1068220F223DFEAE000FA904 /* Quotes.swift */; };
		1068221D223E03BF000FA904 /* image1.jpeg in Resources */ = {isa = PBXBuildFile; fileRef = 10682212223E03BF000FA904 /* image1.jpeg */; };
		1068221E223E03BF000FA904 /* image2.jpeg in Resources */ = {isa = PBXBuildFile; fileRef = 10682213223E03BF000FA904 /* image2.jpeg */; };
		1068221F223E03BF000FA904 /* image3.jpeg in Resources */ = {isa = PBXBuildFile; fileRef = 10682214223E03BF000FA904 /* image3.jpeg */; };
		10682220223E03BF000FA904 /* image4.jpg in Resources */ = {isa = PBXBuildFile; fileRef = 10682215223E03BF000FA904 /* image4.jpg */; };
		10682221223E03BF000FA904 /* image5.jpeg in Resources */ = {isa = PBXBuildFile; fileRef = 10682216223E03BF000FA904 /* image5.jpeg */; };
		10682222223E03BF000FA904 /* image6.jpeg in Resources */ = {isa = PBXBuildFile; fileRef = 10682217223E03BF000FA904 /* image6.jpeg */; };
		10682223223E03BF000FA904 /* image7.jpeg in Resources */ = {isa = PBXBuildFile; fileRef = 10682218223E03BF000FA904 /* image7.jpeg */; };
		10682224223E03BF000FA904 /* image8.jpeg in Resources */ = {isa = PBXBuildFile; fileRef = 10682219223E03BF000FA904 /* image8.jpeg */; };
		10682225223E03BF000FA904 /* image9.jpeg in Resources */ = {isa = PBXBuildFile; fileRef = 1068221A223E03BF000FA904 /* image9.jpeg */; };
		10682226223E03BF000FA904 /* image10.jpeg in Resources */ = {isa = PBXBuildFile; fileRef = 1068221B223E03BF000FA904 /* image10.jpeg */; };
		10682227223E03BF000FA904 /* image11.jpeg in Resources */ = {isa = PBXBuildFile; fileRef = 1068221C223E03BF000FA904 /* image11.jpeg */; };
		106ADE07223DE71E007109C6 /* AppDelegate.swift in Sources */ = {isa = PBXBuildFile; fileRef = 106ADE06223DE71E007109C6 /* AppDelegate.swift */; };
		106ADE09223DE71E007109C6 /* ViewController.swift in Sources */ = {isa = PBXBuildFile; fileRef = 106ADE08223DE71E007109C6 /* ViewController.swift */; };
		106ADE0C223DE71E007109C6 /* Main.storyboard in Resources */ = {isa = PBXBuildFile; fileRef = 106ADE0A223DE71E007109C6 /* Main.storyboard */; };
		106ADE0E223DE720007109C6 /* Assets.xcassets in Resources */ = {isa = PBXBuildFile; fileRef = 106ADE0D223DE720007109C6 /* Assets.xcassets */; };
		106ADE11223DE720007109C6 /* LaunchScreen.storyboard in Resources */ = {isa = PBXBuildFile; fileRef = 106ADE0F223DE720007109C6 /* LaunchScreen.storyboard */; };
/* End PBXBuildFile section */

/* Begin PBXFileReference section */
		1068220F223DFEAE000FA904 /* Quotes.swift */ = {isa = PBXFileReference; lastKnownFileType = sourcecode.swift; path = Quotes.swift; sourceTree = "<group>"; };
		10682212223E03BF000FA904 /* image1.jpeg */ = {isa = PBXFileReference; lastKnownFileType = image.jpeg; path = image1.jpeg; sourceTree = "<group>"; };
		10682213223E03BF000FA904 /* image2.jpeg */ = {isa = PBXFileReference; lastKnownFileType = image.jpeg; path = image2.jpeg; sourceTree = "<group>"; };
		10682214223E03BF000FA904 /* image3.jpeg */ = {isa = PBXFileReference; lastKnownFileType = image.jpeg; path = image3.jpeg; sourceTree = "<group>"; };
		10682215223E03BF000FA904 /* image4.jpg */ = {isa = PBXFileReference; lastKnownFileType = image.jpeg; path = image4.jpg; sourceTree = "<group>"; };
		10682216223E03BF000FA904 /* image5.jpeg */ = {isa = PBXFileReference; lastKnownFileType = image.jpeg; path = image5.jpeg; sourceTree = "<group>"; };
		10682217223E03BF000FA904 /* image6.jpeg */ = {isa = PBXFileReference; lastKnownFileType = image.jpeg; path = image6.jpeg; sourceTree = "<group>"; };
		10682218223E03BF000FA904 /* image7.jpeg */ = {isa = PBXFileReference; lastKnownFileType = image.jpeg; path = image7.jpeg; sourceTree = "<group>"; };
		10682219223E03BF000FA904 /* image8.jpeg */ = {isa = PBXFileReference; lastKnownFileType = image.jpeg; path = image8.jpeg; sourceTree = "<group>"; };
		1068221A223E03BF000FA904 /* image9.jpeg */ = {isa = PBXFileReference; lastKnownFileType = image.jpeg; path = image9.jpeg; sourceTree = "<group>"; };
		1068221B223E03BF000FA904 /* image10.jpeg */ = {isa = PBXFileReference; lastKnownFileType = image.jpeg; path = image10.jpeg; sourceTree = "<group>"; };
		1068221C223E03BF000FA904 /* image11.jpeg */ = {isa = PBXFileReference; lastKnownFileType = image.jpeg; path = image11.jpeg; sourceTree = "<group>"; };
		106ADE03223DE71E007109C6 /* motivational_quotes.app */ = {isa = PBXFileReference; explicitFileType = wrapper.application; includeInIndex = 0; path = motivational_quotes.app; sourceTree = BUILT_PRODUCTS_DIR; };
		106ADE06223DE71E007109C6 /* AppDelegate.swift */ = {isa = PBXFileReference; lastKnownFileType = sourcecode.swift; path = AppDelegate.swift; sourceTree = "<group>"; };
		106ADE08223DE71E007109C6 /* ViewController.swift */ = {isa = PBXFileReference; lastKnownFileType = sourcecode.swift; path = ViewController.swift; sourceTree = "<group>"; };
		106ADE0B223DE71E007109C6 /* Base */ = {isa = PBXFileReference; lastKnownFileType = file.storyboard; name = Base; path = Base.lproj/Main.storyboard; sourceTree = "<group>"; };
		106ADE0D223DE720007109C6 /* Assets.xcassets */ = {isa = PBXFileReference; lastKnownFileType = folder.assetcatalog; path = Assets.xcassets; sourceTree = "<group>"; };
		106ADE10223DE720007109C6 /* Base */ = {isa = PBXFileReference; lastKnownFileType = file.storyboard; name = Base; path = Base.lproj/LaunchScreen.storyboard; sourceTree = "<group>"; };
		106ADE12223DE720007109C6 /* Info.plist */ = {isa = PBXFileReference; lastKnownFileType = text.plist.xml; path = Info.plist; sourceTree = "<group>"; };
/* End PBXFileReference section */

/* Begin PBXFrameworksBuildPhase section */
		106ADE00223DE71E007109C6 /* Frameworks */ = {
			isa = PBXFrameworksBuildPhase;
			buildActionMask = 2147483647;
			files = (
			);
			runOnlyForDeploymentPostprocessing = 0;
		};
/* End PBXFrameworksBuildPhase section */

/* Begin PBXGroup section */
		1068220C223DFD2C000FA904 /* model */ = {
			isa = PBXGroup;
			children = (
				1068220F223DFEAE000FA904 /* Quotes.swift */,
			);
			path = model;
			sourceTree = "<group>";
		};
		1068220D223DFD34000FA904 /* view */ = {
			isa = PBXGroup;
			children = (
				106ADE0A223DE71E007109C6 /* Main.storyboard */,
			);
			path = view;
			sourceTree = "<group>";
		};
		1068220E223DFD39000FA904 /* controller */ = {
			isa = PBXGroup;
			children = (
				106ADE08223DE71E007109C6 /* ViewController.swift */,
			);
			path = controller;
			sourceTree = "<group>";
		};
		10682211223E03BF000FA904 /* images */ = {
			isa = PBXGroup;
			children = (
				10682212223E03BF000FA904 /* image1.jpeg */,
				10682213223E03BF000FA904 /* image2.jpeg */,
				10682214223E03BF000FA904 /* image3.jpeg */,
				10682215223E03BF000FA904 /* image4.jpg */,
				10682216223E03BF000FA904 /* image5.jpeg */,
				10682217223E03BF000FA904 /* image6.jpeg */,
				10682218223E03BF000FA904 /* image7.jpeg */,
				10682219223E03BF000FA904 /* image8.jpeg */,
				1068221A223E03BF000FA904 /* image9.jpeg */,
				1068221B223E03BF000FA904 /* image10.jpeg */,
				1068221C223E03BF000FA904 /* image11.jpeg */,
			);
			path = images;
			sourceTree = "<group>";
		};
		106ADDFA223DE71E007109C6 = {
			isa = PBXGroup;
			children = (
				106ADE05223DE71E007109C6 /* motivational_quotes */,
				106ADE04223DE71E007109C6 /* Products */,
			);
			sourceTree = "<group>";
		};
		106ADE04223DE71E007109C6 /* Products */ = {
			isa = PBXGroup;
			children = (
				106ADE03223DE71E007109C6 /* motivational_quotes.app */,
			);
			name = Products;
			sourceTree = "<group>";
		};
		106ADE05223DE71E007109C6 /* motivational_quotes */ = {
			isa = PBXGroup;
			children = (
				10682211223E03BF000FA904 /* images */,
				1068220E223DFD39000FA904 /* controller */,
				1068220D223DFD34000FA904 /* view */,
				1068220C223DFD2C000FA904 /* model */,
				106ADE06223DE71E007109C6 /* AppDelegate.swift */,
				106ADE0D223DE720007109C6 /* Assets.xcassets */,
				106ADE0F223DE720007109C6 /* LaunchScreen.storyboard */,
				106ADE12223DE720007109C6 /* Info.plist */,
			);
			path = motivational_quotes;
			sourceTree = "<group>";
		};
/* End PBXGroup section */

/* Begin PBXNativeTarget section */
		106ADE02223DE71E007109C6 /* motivational_quotes */ = {
			isa = PBXNativeTarget;
			buildConfigurationList = 106ADE15223DE720007109C6 /* Build configuration list for PBXNativeTarget "motivational_quotes" */;
			buildPhases = (
				106ADDFF223DE71E007109C6 /* Sources */,
				106ADE00223DE71E007109C6 /* Frameworks */,
				106ADE01223DE71E007109C6 /* Resources */,
			);
			buildRules = (
			);
			dependencies = (
			);
			name = motivational_quotes;
			productName = motivational_quotes;
			productReference = 106ADE03223DE71E007109C6 /* motivational_quotes.app */;
			productType = "com.apple.product-type.application";
		};
/* End PBXNativeTarget section */

/* Begin PBXProject section */
		106ADDFB223DE71E007109C6 /* Project object */ = {
			isa = PBXProject;
			attributes = {
				LastSwiftUpdateCheck = 1010;
				LastUpgradeCheck = 1010;
				ORGANIZATIONNAME = fulldevdesign;
				TargetAttributes = {
					106ADE02223DE71E007109C6 = {
						CreatedOnToolsVersion = 10.1;
					};
				};
			};
			buildConfigurationList = 106ADDFE223DE71E007109C6 /* Build configuration list for PBXProject "motivational_quotes" */;
			compatibilityVersion = "Xcode 9.3";
			developmentRegion = en;
			hasScannedForEncodings = 0;
			knownRegions = (
				en,
				Base,
			);
			mainGroup = 106ADDFA223DE71E007109C6;
			productRefGroup = 106ADE04223DE71E007109C6 /* Products */;
			projectDirPath = "";
			projectRoot = "";
			targets = (
				106ADE02223DE71E007109C6 /* motivational_quotes */,
			);
		};
/* End PBXProject section */

/* Begin PBXResourcesBuildPhase section */
		106ADE01223DE71E007109C6 /* Resources */ = {
			isa = PBXResourcesBuildPhase;
			buildActionMask = 2147483647;
			files = (
				1068221E223E03BF000FA904 /* image2.jpeg in Resources */,
				10682224223E03BF000FA904 /* image8.jpeg in Resources */,
				10682223223E03BF000FA904 /* image7.jpeg in Resources */,
				10682225223E03BF000FA904 /* image9.jpeg in Resources */,
				10682221223E03BF000FA904 /* image5.jpeg in Resources */,
				10682220223E03BF000FA904 /* image4.jpg in Resources */,
				1068221F223E03BF000FA904 /* image3.jpeg in Resources */,
				106ADE11223DE720007109C6 /* LaunchScreen.storyboard in Resources */,
				10682226223E03BF000FA904 /* image10.jpeg in Resources */,
				10682227223E03BF000FA904 /* image11.jpeg in Resources */,
				1068221D223E03BF000FA904 /* image1.jpeg in Resources */,
				106ADE0E223DE720007109C6 /* Assets.xcassets in Resources */,
				106ADE0C223DE71E007109C6 /* Main.storyboard in Resources */,
				10682222223E03BF000FA904 /* image6.jpeg in Resources */,
			);
			runOnlyForDeploymentPostprocessing = 0;
		};
/* End PBXResourcesBuildPhase section */

/* Begin PBXSourcesBuildPhase section */
		106ADDFF223DE71E007109C6 /* Sources */ = {
			isa = PBXSourcesBuildPhase;
			buildActionMask = 2147483647;
			files = (
				106ADE09223DE71E007109C6 /* ViewController.swift in Sources */,
				106ADE07223DE71E007109C6 /* AppDelegate.swift in Sources */,
				10682210223DFEAE000FA904 /* Quotes.swift in Sources */,
			);
			runOnlyForDeploymentPostprocessing = 0;
		};
/* End PBXSourcesBuildPhase section */

/* Begin PBXVariantGroup section */
		106ADE0A223DE71E007109C6 /* Main.storyboard */ = {
			isa = PBXVariantGroup;
			children = (
				106ADE0B223DE71E007109C6 /* Base */,
			);
			name = Main.storyboard;
			sourceTree = "<group>";
		};
		106ADE0F223DE720007109C6 /* LaunchScreen.storyboard */ = {
			isa = PBXVariantGroup;
			children = (
				106ADE10223DE720007109C6 /* Base */,
			);
			name = LaunchScreen.storyboard;
			sourceTree = "<group>";
		};
/* End PBXVariantGroup section */

/* Begin XCBuildConfiguration section */
		106ADE13223DE720007109C6 /* Debug */ = {
			isa = XCBuildConfiguration;
			buildSettings = {
				ALWAYS_SEARCH_USER_PATHS = NO;
				CLANG_ANALYZER_NONNULL = YES;
				CLANG_ANALYZER_NUMBER_OBJECT_CONVERSION = YES_AGGRESSIVE;
				CLANG_CXX_LANGUAGE_STANDARD = "gnu++14";
				CLANG_CXX_LIBRARY = "libc++";
				CLANG_ENABLE_MODULES = YES;
				CLANG_ENABLE_OBJC_ARC = YES;
				CLANG_ENABLE_OBJC_WEAK = YES;
				CLANG_WARN_BLOCK_CAPTURE_AUTORELEASING = YES;
				CLANG_WARN_BOOL_CONVERSION = YES;
				CLANG_WARN_COMMA = YES;
				CLANG_WARN_CONSTANT_CONVERSION = YES;
				CLANG_WARN_DEPRECATED_OBJC_IMPLEMENTATIONS = YES;
				CLANG_WARN_DIRECT_OBJC_ISA_USAGE = YES_ERROR;
				CLANG_WARN_DOCUMENTATION_COMMENTS = YES;
				CLANG_WARN_EMPTY_BODY = YES;
				CLANG_WARN_ENUM_CONVERSION = YES;
				CLANG_WARN_INFINITE_RECURSION = YES;
				CLANG_WARN_INT_CONVERSION = YES;
				CLANG_WARN_NON_LITERAL_NULL_CONVERSION = YES;
				CLANG_WARN_OBJC_IMPLICIT_RETAIN_SELF = YES;
				CLANG_WARN_OBJC_LITERAL_CONVERSION = YES;
				CLANG_WARN_OBJC_ROOT_CLASS = YES_ERROR;
				CLANG_WARN_RANGE_LOOP_ANALYSIS = YES;
				CLANG_WARN_STRICT_PROTOTYPES = YES;
				CLANG_WARN_SUSPICIOUS_MOVE = YES;
				CLANG_WARN_UNGUARDED_AVAILABILITY = YES_AGGRESSIVE;
				CLANG_WARN_UNREACHABLE_CODE = YES;
				CLANG_WARN__DUPLICATE_METHOD_MATCH = YES;
				CODE_SIGN_IDENTITY = "iPhone Developer";
				COPY_PHASE_STRIP = NO;
				DEBUG_INFORMATION_FORMAT = dwarf;
				ENABLE_STRICT_OBJC_MSGSEND = YES;
				ENABLE_TESTABILITY = YES;
				GCC_C_LANGUAGE_STANDARD = gnu11;
				GCC_DYNAMIC_NO_PIC = NO;
				GCC_NO_COMMON_BLOCKS = YES;
				GCC_OPTIMIZATION_LEVEL = 0;
				GCC_PREPROCESSOR_DEFINITIONS = (
					"DEBUG=1",
					"$(inherited)",
				);
				GCC_WARN_64_TO_32_BIT_CONVERSION = YES;
				GCC_WARN_ABOUT_RETURN_TYPE = YES_ERROR;
				GCC_WARN_UNDECLARED_SELECTOR = YES;
				GCC_WARN_UNINITIALIZED_AUTOS = YES_AGGRESSIVE;
				GCC_WARN_UNUSED_FUNCTION = YES;
				GCC_WARN_UNUSED_VARIABLE = YES;
				IPHONEOS_DEPLOYMENT_TARGET = 12.1;
				MTL_ENABLE_DEBUG_INFO = INCLUDE_SOURCE;
				MTL_FAST_MATH = YES;
				ONLY_ACTIVE_ARCH = YES;
				SDKROOT = iphoneos;
				SWIFT_ACTIVE_COMPILATION_CONDITIONS = DEBUG;
				SWIFT_OPTIMIZATION_LEVEL = "-Onone";
			};
			name = Debug;
		};
		106ADE14223DE720007109C6 /* Release */ = {
			isa = XCBuildConfiguration;
			buildSettings = {
				ALWAYS_SEARCH_USER_PATHS = NO;
				CLANG_ANALYZER_NONNULL = YES;
				CLANG_ANALYZER_NUMBER_OBJECT_CONVERSION = YES_AGGRESSIVE;
				CLANG_CXX_LANGUAGE_STANDARD = "gnu++14";
				CLANG_CXX_LIBRARY = "libc++";
				CLANG_ENABLE_MODULES = YES;
				CLANG_ENABLE_OBJC_ARC = YES;
				CLANG_ENABLE_OBJC_WEAK = YES;
				CLANG_WARN_BLOCK_CAPTURE_AUTORELEASING = YES;
				CLANG_WARN_BOOL_CONVERSION = YES;
				CLANG_WARN_COMMA = YES;
				CLANG_WARN_CONSTANT_CONVERSION = YES;
				CLANG_WARN_DEPRECATED_OBJC_IMPLEMENTATIONS = YES;
				CLANG_WARN_DIRECT_OBJC_ISA_USAGE = YES_ERROR;
				CLANG_WARN_DOCUMENTATION_COMMENTS = YES;
				CLANG_WARN_EMPTY_BODY = YES;
				CLANG_WARN_ENUM_CONVERSION = YES;
				CLANG_WARN_INFINITE_RECURSION = YES;
				CLANG_WARN_INT_CONVERSION = YES;
				CLANG_WARN_NON_LITERAL_NULL_CONVERSION = YES;
				CLANG_WARN_OBJC_IMPLICIT_RETAIN_SELF = YES;
				CLANG_WARN_OBJC_LITERAL_CONVERSION = YES;
				CLANG_WARN_OBJC_ROOT_CLASS = YES_ERROR;
				CLANG_WARN_RANGE_LOOP_ANALYSIS = YES;
				CLANG_WARN_STRICT_PROTOTYPES = YES;
				CLANG_WARN_SUSPICIOUS_MOVE = YES;
				CLANG_WARN_UNGUARDED_AVAILABILITY = YES_AGGRESSIVE;
				CLANG_WARN_UNREACHABLE_CODE = YES;
				CLANG_WARN__DUPLICATE_METHOD_MATCH = YES;
				CODE_SIGN_IDENTITY = "iPhone Developer";
				COPY_PHASE_STRIP = NO;
				DEBUG_INFORMATION_FORMAT = "dwarf-with-dsym";
				ENABLE_NS_ASSERTIONS = NO;
				ENABLE_STRICT_OBJC_MSGSEND = YES;
				GCC_C_LANGUAGE_STANDARD = gnu11;
				GCC_NO_COMMON_BLOCKS = YES;
				GCC_WARN_64_TO_32_BIT_CONVERSION = YES;
				GCC_WARN_ABOUT_RETURN_TYPE = YES_ERROR;
				GCC_WARN_UNDECLARED_SELECTOR = YES;
				GCC_WARN_UNINITIALIZED_AUTOS = YES_AGGRESSIVE;
				GCC_WARN_UNUSED_FUNCTION = YES;
				GCC_WARN_UNUSED_VARIABLE = YES;
				IPHONEOS_DEPLOYMENT_TARGET = 12.1;
				MTL_ENABLE_DEBUG_INFO = NO;
				MTL_FAST_MATH = YES;
				SDKROOT = iphoneos;
				SWIFT_COMPILATION_MODE = wholemodule;
				SWIFT_OPTIMIZATION_LEVEL = "-O";
				VALIDATE_PRODUCT = YES;
			};
			name = Release;
		};
		106ADE16223DE720007109C6 /* Debug */ = {
			isa = XCBuildConfiguration;
			buildSettings = {
				ASSETCATALOG_COMPILER_APPICON_NAME = AppIcon;
				CODE_SIGN_STYLE = Automatic;
				DEVELOPMENT_TEAM = SN83872X5M;
				INFOPLIST_FILE = motivational_quotes/Info.plist;
				LD_RUNPATH_SEARCH_PATHS = (
					"$(inherited)",
					"@executable_path/Frameworks",
				);
				PRODUCT_BUNDLE_IDENTIFIER = "com.fulldevdesign.motivational-quotes";
				PRODUCT_NAME = "$(TARGET_NAME)";
				SWIFT_VERSION = 4.2;
				TARGETED_DEVICE_FAMILY = "1,2";
			};
			name = Debug;
		};
		106ADE17223DE720007109C6 /* Release */ = {
			isa = XCBuildConfiguration;
			buildSettings = {
				ASSETCATALOG_COMPILER_APPICON_NAME = AppIcon;
				CODE_SIGN_STYLE = Automatic;
				DEVELOPMENT_TEAM = SN83872X5M;
				INFOPLIST_FILE = motivational_quotes/Info.plist;
				LD_RUNPATH_SEARCH_PATHS = (
					"$(inherited)",
					"@executable_path/Frameworks",
				);
				PRODUCT_BUNDLE_IDENTIFIER = "com.fulldevdesign.motivational-quotes";
				PRODUCT_NAME = "$(TARGET_NAME)";
				SWIFT_VERSION = 4.2;
				TARGETED_DEVICE_FAMILY = "1,2";
			};
			name = Release;
		};
/* End XCBuildConfiguration section */

/* Begin XCConfigurationList section */
		106ADDFE223DE71E007109C6 /* Build configuration list for PBXProject "motivational_quotes" */ = {
			isa = XCConfigurationList;
			buildConfigurations = (
				106ADE13223DE720007109C6 /* Debug */,
				106ADE14223DE720007109C6 /* Release */,
			);
			defaultConfigurationIsVisible = 0;
			defaultConfigurationName = Release;
		};
		106ADE15223DE720007109C6 /* Build configuration list for PBXNativeTarget "motivational_quotes" */ = {
			isa = XCConfigurationList;
			buildConfigurations = (
				106ADE16223DE720007109C6 /* Debug */,
				106ADE17223DE720007109C6 /* Release */,
			);
			defaultConfigurationIsVisible = 0;
			defaultConfigurationName = Release;
		};
/* End XCConfigurationList section */
	};
	rootObject = 106ADDFB223DE71E007109C6 /* Project object */;
}
